
Microsoft Visual Studio Solution File, Format Version 12.00
# Visual Studio Version 16
VisualStudioVersion = 16.0.29613.14
MinimumVisualStudioVersion = 10.0.40219.1
Project("{FAE04EC0-301F-11D3-BF4B-00C04F79EFBC}") = "BlazorApp", "BlazorApp\BlazorApp.csproj", "{B761EE00-9728-4477-8AB1-24D3A26FFB8E}"
EndProject
Global
	GlobalSection(SolutionConfigurationPlatforms) = preSolution
		Debug|Any CPU = Debug|Any CPU
		Release|Any CPU = Release|Any CPU
	EndGlobalSection
	GlobalSection(ProjectConfigurationPlatforms) = postSolution
		{B761EE00-9728-4477-8AB1-24D3A26FFB8E}.Debug|Any CPU.ActiveCfg = Debug|Any CPU
		{B761EE00-9728-4477-8AB1-24D3A26FFB8E}.Debug|Any CPU.Build.0 = Debug|Any CPU
		{B761EE00-9728-4477-8AB1-24D3A26FFB8E}.Release|Any CPU.ActiveCfg = Release|Any CPU
		{B761EE00-9728-4477-8AB1-24D3A26FFB8E}.Release|Any CPU.Build.0 = Release|Any CPU
	EndGlobalSection
	GlobalSection(SolutionProperties) = preSolution
		HideSolutionNode = FALSE
	EndGlobalSection
	GlobalSection(ExtensibilityGlobals) = postSolution
		SolutionGuid = {6783A005-AD6D-4FAF-AD8A-F4130ADC503A}
	EndGlobalSection
EndGlobal
